// !$*UTF8*$!
{
	archiveVersion = 1;
	classes = {
	};
	objectVersion = 46;
	objects = {

/* Begin PBXBuildFile section */
		3330381D1DB9021D000A6B6E /* main.m in Sources */ = {isa = PBXBuildFile; fileRef = 3330381C1DB9021D000A6B6E /* main.m */; };
		333038201DB9021D000A6B6E /* AppDelegate.m in Sources */ = {isa = PBXBuildFile; fileRef = 3330381F1DB9021D000A6B6E /* AppDelegate.m */; };
		333038231DB9021D000A6B6E /* ViewController.m in Sources */ = {isa = PBXBuildFile; fileRef = 333038221DB9021D000A6B6E /* ViewController.m */; };
		333038261DB9021D000A6B6E /* Main.storyboard in Resources */ = {isa = PBXBuildFile; fileRef = 333038241DB9021D000A6B6E /* Main.storyboard */; };
		333038291DB9021D000A6B6E /* VAssist.xcdatamodeld in Sources */ = {isa = PBXBuildFile; fileRef = 333038271DB9021D000A6B6E /* VAssist.xcdatamodeld */; };
		3330382B1DB9021D000A6B6E /* Assets.xcassets in Resources */ = {isa = PBXBuildFile; fileRef = 3330382A1DB9021D000A6B6E /* Assets.xcassets */; };
		3330382E1DB9021D000A6B6E /* LaunchScreen.storyboard in Resources */ = {isa = PBXBuildFile; fileRef = 3330382C1DB9021D000A6B6E /* LaunchScreen.storyboard */; };
/* End PBXBuildFile section */

/* Begin PBXFileReference section */
		333038181DB9021D000A6B6E /* VAssist.app */ = {isa = PBXFileReference; explicitFileType = wrapper.application; includeInIndex = 0; path = VAssist.app; sourceTree = BUILT_PRODUCTS_DIR; };
		3330381C1DB9021D000A6B6E /* main.m */ = {isa = PBXFileReference; lastKnownFileType = sourcecode.c.objc; path = main.m; sourceTree = "<group>"; };
		3330381E1DB9021D000A6B6E /* AppDelegate.h */ = {isa = PBXFileReference; lastKnownFileType = sourcecode.c.h; path = AppDelegate.h; sourceTree = "<group>"; };
		3330381F1DB9021D000A6B6E /* AppDelegate.m */ = {isa = PBXFileReference; lastKnownFileType = sourcecode.c.objc; path = AppDelegate.m; sourceTree = "<group>"; };
		333038211DB9021D000A6B6E /* ViewController.h */ = {isa = PBXFileReference; lastKnownFileType = sourcecode.c.h; path = ViewController.h; sourceTree = "<group>"; };
		333038221DB9021D000A6B6E /* ViewController.m */ = {isa = PBXFileReference; lastKnownFileType = sourcecode.c.objc; path = ViewController.m; sourceTree = "<group>"; };
		333038251DB9021D000A6B6E /* Base */ = {isa = PBXFileReference; lastKnownFileType = file.storyboard; name = Base; path = Base.lproj/Main.storyboard; sourceTree = "<group>"; };
		333038281DB9021D000A6B6E /* VAssist.xcdatamodel */ = {isa = PBXFileReference; lastKnownFileType = wrapper.xcdatamodel; path = VAssist.xcdatamodel; sourceTree = "<group>"; };
		3330382A1DB9021D000A6B6E /* Assets.xcassets */ = {isa = PBXFileReference; lastKnownFileType = folder.assetcatalog; path = Assets.xcassets; sourceTree = "<group>"; };
		3330382D1DB9021D000A6B6E /* Base */ = {isa = PBXFileReference; lastKnownFileType = file.storyboard; name = Base; path = Base.lproj/LaunchScreen.storyboard; sourceTree = "<group>"; };
		3330382F1DB9021D000A6B6E /* Info.plist */ = {isa = PBXFileReference; lastKnownFileType = text.plist.xml; path = Info.plist; sourceTree = "<group>"; };
/* End PBXFileReference section */

/* Begin PBXFrameworksBuildPhase section */
		333038151DB9021D000A6B6E /* Frameworks */ = {
			isa = PBXFrameworksBuildPhase;
			buildActionMask = 2147483647;
			files = (
			);
			runOnlyForDeploymentPostprocessing = 0;
		};
/* End PBXFrameworksBuildPhase section */

/* Begin PBXGroup section */
		3330380F1DB9021D000A6B6E = {
			isa = PBXGroup;
			children = (
				3330381A1DB9021D000A6B6E /* VAssist */,
				333038191DB9021D000A6B6E /* Products */,
			);
			sourceTree = "<group>";
		};
		333038191DB9021D000A6B6E /* Products */ = {
			isa = PBXGroup;
			children = (
				333038181DB9021D000A6B6E /* VAssist.app */,
			);
			name = Products;
			sourceTree = "<group>";
		};
		3330381A1DB9021D000A6B6E /* VAssist */ = {
			isa = PBXGroup;
			children = (
				3330381E1DB9021D000A6B6E /* AppDelegate.h */,
				3330381F1DB9021D000A6B6E /* AppDelegate.m */,
				333038211DB9021D000A6B6E /* ViewController.h */,
				333038221DB9021D000A6B6E /* ViewController.m */,
				333038241DB9021D000A6B6E /* Main.storyboard */,
				3330382A1DB9021D000A6B6E /* Assets.xcassets */,
				3330382C1DB9021D000A6B6E /* LaunchScreen.storyboard */,
				3330382F1DB9021D000A6B6E /* Info.plist */,
				333038271DB9021D000A6B6E /* VAssist.xcdatamodeld */,
				3330381B1DB9021D000A6B6E /* Supporting Files */,
			);
			path = VAssist;
			sourceTree = "<group>";
		};
		3330381B1DB9021D000A6B6E /* Supporting Files */ = {
			isa = PBXGroup;
			children = (
				3330381C1DB9021D000A6B6E /* main.m */,
			);
			name = "Supporting Files";
			sourceTree = "<group>";
		};
/* End PBXGroup section */

/* Begin PBXNativeTarget section */
		333038171DB9021D000A6B6E /* VAssist */ = {
			isa = PBXNativeTarget;
			buildConfigurationList = 333038321DB9021D000A6B6E /* Build configuration list for PBXNativeTarget "VAssist" */;
			buildPhases = (
				333038141DB9021D000A6B6E /* Sources */,
				333038151DB9021D000A6B6E /* Frameworks */,
				333038161DB9021D000A6B6E /* Resources */,
			);
			buildRules = (
			);
			dependencies = (
			);
			name = VAssist;
			productName = VAssist;
			productReference = 333038181DB9021D000A6B6E /* VAssist.app */;
			productType = "com.apple.product-type.application";
		};
/* End PBXNativeTarget section */

/* Begin PBXProject section */
		333038101DB9021D000A6B6E /* Project object */ = {
			isa = PBXProject;
			attributes = {
				LastUpgradeCheck = 0800;
				ORGANIZATIONNAME = "Ant and Buffalo";
				TargetAttributes = {
					333038171DB9021D000A6B6E = {
						CreatedOnToolsVersion = 8.0;
						DevelopmentTeam = QL3M939ZKU;
						ProvisioningStyle = Automatic;
					};
				};
			};
			buildConfigurationList = 333038131DB9021D000A6B6E /* Build configuration list for PBXProject "VAssist" */;
			compatibilityVersion = "Xcode 3.2";
			developmentRegion = English;
			hasScannedForEncodings = 0;
			knownRegions = (
				en,
				Base,
			);
			mainGroup = 3330380F1DB9021D000A6B6E;
			productRefGroup = 333038191DB9021D000A6B6E /* Products */;
			projectDirPath = "";
			projectRoot = "";
			targets = (
				333038171DB9021D000A6B6E /* VAssist */,
			);
		};
/* End PBXProject section */

/* Begin PBXResourcesBuildPhase section */
		333038161DB9021D000A6B6E /* Resources */ = {
			isa = PBXResourcesBuildPhase;
			buildActionMask = 2147483647;
			files = (
				3330382E1DB9021D000A6B6E /* LaunchScreen.storyboard in Resources */,
				3330382B1DB9021D000A6B6E /* Assets.xcassets in Resources */,
				333038261DB9021D000A6B6E /* Main.storyboard in Resources */,
			);
			runOnlyForDeploymentPostprocessing = 0;
		};
/* End PBXResourcesBuildPhase section */

/* Begin PBXSourcesBuildPhase section */
		333038141DB9021D000A6B6E /* Sources */ = {
			isa = PBXSourcesBuildPhase;
			buildActionMask = 2147483647;
			files = (
				333038231DB9021D000A6B6E /* ViewController.m in Sources */,
				333038291DB9021D000A6B6E /* VAssist.xcdatamodeld in Sources */,
				333038201DB9021D000A6B6E /* AppDelegate.m in Sources */,
				3330381D1DB9021D000A6B6E /* main.m in Sources */,
			);
			runOnlyForDeploymentPostprocessing = 0;
		};
/* End PBXSourcesBuildPhase section */

/* Begin PBXVariantGroup section */
		333038241DB9021D000A6B6E /* Main.storyboard */ = {
			isa = PBXVariantGroup;
			children = (
				333038251DB9021D000A6B6E /* Base */,
			);
			name = Main.storyboard;
			sourceTree = "<group>";
		};
		3330382C1DB9021D000A6B6E /* LaunchScreen.storyboard */ = {
			isa = PBXVariantGroup;
			children = (
				3330382D1DB9021D000A6B6E /* Base */,
			);
			name = LaunchScreen.storyboard;
			sourceTree = "<group>";
		};
/* End PBXVariantGroup section */

/* Begin XCBuildConfiguration section */
		333038301DB9021D000A6B6E /* Debug */ = {
			isa = XCBuildConfiguration;
			buildSettings = {
				ALWAYS_SEARCH_USER_PATHS = NO;
				CLANG_ANALYZER_NONNULL = YES;
				CLANG_CXX_LANGUAGE_STANDARD = "gnu++0x";
				CLANG_CXX_LIBRARY = "libc++";
				CLANG_ENABLE_MODULES = YES;
				CLANG_ENABLE_OBJC_ARC = YES;
				CLANG_WARN_BOOL_CONVERSION = YES;
				CLANG_WARN_CONSTANT_CONVERSION = YES;
				CLANG_WARN_DIRECT_OBJC_ISA_USAGE = YES_ERROR;
				CLANG_WARN_DOCUMENTATION_COMMENTS = YES;
				CLANG_WARN_EMPTY_BODY = YES;
				CLANG_WARN_ENUM_CONVERSION = YES;
				CLANG_WARN_INFINITE_RECURSION = YES;
				CLANG_WARN_INT_CONVERSION = YES;
				CLANG_WARN_OBJC_ROOT_CLASS = YES_ERROR;
				CLANG_WARN_SUSPICIOUS_MOVES = YES;
				CLANG_WARN_UNREACHABLE_CODE = YES;
				CLANG_WARN__DUPLICATE_METHOD_MATCH = YES;
				"CODE_SIGN_IDENTITY[sdk=iphoneos*]" = "iPhone Developer";
				COPY_PHASE_STRIP = NO;
				DEBUG_INFORMATION_FORMAT = dwarf;
				ENABLE_STRICT_OBJC_MSGSEND = YES;
				ENABLE_TESTABILITY = YES;
				GCC_C_LANGUAGE_STANDARD = gnu99;
				GCC_DYNAMIC_NO_PIC = NO;
				GCC_NO_COMMON_BLOCKS = YES;
				GCC_OPTIMIZATION_LEVEL = 0;
				GCC_PREPROCESSOR_DEFINITIONS = (
					"DEBUG=1",
					"$(inherited)",
				);
				GCC_WARN_64_TO_32_BIT_CONVERSION = YES;
				GCC_WARN_ABOUT_RETURN_TYPE = YES_ERROR;
				GCC_WARN_UNDECLARED_SELECTOR = YES;
				GCC_WARN_UNINITIALIZED_AUTOS = YES_AGGRESSIVE;
				GCC_WARN_UNUSED_FUNCTION = YES;
				GCC_WARN_UNUSED_VARIABLE = YES;
				IPHONEOS_DEPLOYMENT_TARGET = 10.0;
				MTL_ENABLE_DEBUG_INFO = YES;
				ONLY_ACTIVE_ARCH = YES;
				SDKROOT = iphoneos;
			};
			name = Debug;
		};
		333038311DB9021D000A6B6E /* Release */ = {
			isa = XCBuildConfiguration;
			buildSettings = {
				ALWAYS_SEARCH_USER_PATHS = NO;
				CLANG_ANALYZER_NONNULL = YES;
				CLANG_CXX_LANGUAGE_STANDARD = "gnu++0x";
				CLANG_CXX_LIBRARY = "libc++";
				CLANG_ENABLE_MODULES = YES;
				CLANG_ENABLE_OBJC_ARC = YES;
				CLANG_WARN_BOOL_CONVERSION = YES;
				CLANG_WARN_CONSTANT_CONVERSION = YES;
				CLANG_WARN_DIRECT_OBJC_ISA_USAGE = YES_ERROR;
				CLANG_WARN_DOCUMENTATION_COMMENTS = YES;
				CLANG_WARN_EMPTY_BODY = YES;
				CLANG_WARN_ENUM_CONVERSION = YES;
				CLANG_WARN_INFINITE_RECURSION = YES;
				CLANG_WARN_INT_CONVERSION = YES;
				CLANG_WARN_OBJC_ROOT_CLASS = YES_ERROR;
				CLANG_WARN_SUSPICIOUS_MOVES = YES;
				CLANG_WARN_UNREACHABLE_CODE = YES;
				CLANG_WARN__DUPLICATE_METHOD_MATCH = YES;
				"CODE_SIGN_IDENTITY[sdk=iphoneos*]" = "iPhone Developer";
				COPY_PHASE_STRIP = NO;
				DEBUG_INFORMATION_FORMAT = "dwarf-with-dsym";
				ENABLE_NS_ASSERTIONS = NO;
				ENABLE_STRICT_OBJC_MSGSEND = YES;
				GCC_C_LANGUAGE_STANDARD = gnu99;
				GCC_NO_COMMON_BLOCKS = YES;
				GCC_WARN_64_TO_32_BIT_CONVERSION = YES;
				GCC_WARN_ABOUT_RETURN_TYPE = YES_ERROR;
				GCC_WARN_UNDECLARED_SELECTOR = YES;
				GCC_WARN_UNINITIALIZED_AUTOS = YES_AGGRESSIVE;
				GCC_WARN_UNUSED_FUNCTION = YES;
				GCC_WARN_UNUSED_VARIABLE = YES;
				IPHONEOS_DEPLOYMENT_TARGET = 10.0;
				MTL_ENABLE_DEBUG_INFO = NO;
				SDKROOT = iphoneos;
				VALIDATE_PRODUCT = YES;
			};
			name = Release;
		};
		333038331DB9021D000A6B6E /* Debug */ = {
			isa = XCBuildConfiguration;
			buildSettings = {
				ASSETCATALOG_COMPILER_APPICON_NAME = AppIcon;
				DEVELOPMENT_TEAM = QL3M939ZKU;
				INFOPLIST_FILE = VAssist/Info.plist;
				IPHONEOS_DEPLOYMENT_TARGET = 9.3;
				LD_RUNPATH_SEARCH_PATHS = "$(inherited) @executable_path/Frameworks";
				PRODUCT_BUNDLE_IDENTIFIER = com.antandbuffalo.VAssist;
				PRODUCT_NAME = "$(TARGET_NAME)";
			};
			name = Debug;
		};
		333038341DB9021D000A6B6E /* Release */ = {
			isa = XCBuildConfiguration;
			buildSettings = {
				ASSETCATALOG_COMPILER_APPICON_NAME = AppIcon;
				DEVELOPMENT_TEAM = QL3M939ZKU;
				INFOPLIST_FILE = VAssist/Info.plist;
				IPHONEOS_DEPLOYMENT_TARGET = 9.3;
				LD_RUNPATH_SEARCH_PATHS = "$(inherited) @executable_path/Frameworks";
				PRODUCT_BUNDLE_IDENTIFIER = com.antandbuffalo.VAssist;
				PRODUCT_NAME = "$(TARGET_NAME)";
			};
			name = Release;
		};
/* End XCBuildConfiguration section */

/* Begin XCConfigurationList section */
		333038131DB9021D000A6B6E /* Build configuration list for PBXProject "VAssist" */ = {
			isa = XCConfigurationList;
			buildConfigurations = (
				333038301DB9021D000A6B6E /* Debug */,
				333038311DB9021D000A6B6E /* Release */,
			);
			defaultConfigurationIsVisible = 0;
			defaultConfigurationName = Release;
		};
		333038321DB9021D000A6B6E /* Build configuration list for PBXNativeTarget "VAssist" */ = {
			isa = XCConfigurationList;
			buildConfigurations = (
				333038331DB9021D000A6B6E /* Debug */,
				333038341DB9021D000A6B6E /* Release */,
			);
			defaultConfigurationIsVisible = 0;
			defaultConfigurationName = Release;
		};
/* End XCConfigurationList section */

/* Begin XCVersionGroup section */
		333038271DB9021D000A6B6E /* VAssist.xcdatamodeld */ = {
			isa = XCVersionGroup;
			children = (
				333038281DB9021D000A6B6E /* VAssist.xcdatamodel */,
			);
			currentVersion = 333038281DB9021D000A6B6E /* VAssist.xcdatamodel */;
			path = VAssist.xcdatamodeld;
			sourceTree = "<group>";
			versionGroupType = wrapper.xcdatamodel;
		};
/* End XCVersionGroup section */
	};
	rootObject = 333038101DB9021D000A6B6E /* Project object */;
}
